
Microsoft Visual Studio Solution File, Format Version 12.00
# Visual Studio Version 17
VisualStudioVersion = 17.7.34031.279
MinimumVisualStudioVersion = 10.0.40219.1
Project("{FAE04EC0-301F-11D3-BF4B-00C04F79EFBC}") = "TodoAPI", "TodoAPI\TodoAPI.csproj", "{8ECCD4BD-2252-4C68-89FA-E1AAC6E03231}"
EndProject
Global
	GlobalSection(SolutionConfigurationPlatforms) = preSolution
		Debug|Any CPU = Debug|Any CPU
		Release|Any CPU = Release|Any CPU
	EndGlobalSection
	GlobalSection(ProjectConfigurationPlatforms) = postSolution
		{8ECCD4BD-2252-4C68-89FA-E1AAC6E03231}.Debug|Any CPU.ActiveCfg = Debug|Any CPU
		{8ECCD4BD-2252-4C68-89FA-E1AAC6E03231}.Debug|Any CPU.Build.0 = Debug|Any CPU
		{8ECCD4BD-2252-4C68-89FA-E1AAC6E03231}.Release|Any CPU.ActiveCfg = Release|Any CPU
		{8ECCD4BD-2252-4C68-89FA-E1AAC6E03231}.Release|Any CPU.Build.0 = Release|Any CPU
	EndGlobalSection
	GlobalSection(SolutionProperties) = preSolution
		HideSolutionNode = FALSE
	EndGlobalSection
	GlobalSection(ExtensibilityGlobals) = postSolution
		SolutionGuid = {444E54EF-3E6A-4A31-8FCE-FA08A2D63A2B}
	EndGlobalSection
EndGlobal
